
Microsoft Visual Studio Solution File, Format Version 12.00
# Visual Studio Version 17
VisualStudioVersion = 17.12.35527.113 d17.12
MinimumVisualStudioVersion = 10.0.40219.1
Project("{FAE04EC0-301F-11D3-BF4B-00C04F79EFBC}") = "RPG-Map", "RPG-Map.csproj", "{5F3AA197-EBB5-4B13-92EF-B3FDB334A55F}"
EndProject
Global
	GlobalSection(SolutionConfigurationPlatforms) = preSolution
		Debug|Any CPU = Debug|Any CPU
		Release|Any CPU = Release|Any CPU
	EndGlobalSection
	GlobalSection(ProjectConfigurationPlatforms) = postSolution
		{5F3AA197-EBB5-4B13-92EF-B3FDB334A55F}.Debug|Any CPU.ActiveCfg = Debug|Any CPU
		{5F3AA197-EBB5-4B13-92EF-B3FDB334A55F}.Debug|Any CPU.Build.0 = Debug|Any CPU
		{5F3AA197-EBB5-4B13-92EF-B3FDB334A55F}.Release|Any CPU.ActiveCfg = Release|Any CPU
		{5F3AA197-EBB5-4B13-92EF-B3FDB334A55F}.Release|Any CPU.Build.0 = Release|Any CPU
	EndGlobalSection
	GlobalSection(SolutionProperties) = preSolution
		HideSolutionNode = FALSE
	EndGlobalSection
EndGlobal
